
Microsoft Visual Studio Solution File, Format Version 12.00
# Visual Studio Version 16
VisualStudioVersion = 16.0.30225.117
MinimumVisualStudioVersion = 10.0.40219.1
Project("{9092AA53-FB77-4645-B42D-1CCCA6BD08BD}") = "ExpressApp2", "ExpressApp2\ExpressApp2.njsproj", "{6E4E1DEA-3F38-4646-AF4E-CA731FE40518}"
EndProject
Global
	GlobalSection(SolutionConfigurationPlatforms) = preSolution
		Debug|Any CPU = Debug|Any CPU
		Release|Any CPU = Release|Any CPU
	EndGlobalSection
	GlobalSection(ProjectConfigurationPlatforms) = postSolution
		{6E4E1DEA-3F38-4646-AF4E-CA731FE40518}.Debug|Any CPU.ActiveCfg = Debug|Any CPU
		{6E4E1DEA-3F38-4646-AF4E-CA731FE40518}.Debug|Any CPU.Build.0 = Debug|Any CPU
		{6E4E1DEA-3F38-4646-AF4E-CA731FE40518}.Release|Any CPU.ActiveCfg = Release|Any CPU
		{6E4E1DEA-3F38-4646-AF4E-CA731FE40518}.Release|Any CPU.Build.0 = Release|Any CPU
	EndGlobalSection
	GlobalSection(SolutionProperties) = preSolution
		HideSolutionNode = FALSE
	EndGlobalSection
	GlobalSection(ExtensibilityGlobals) = postSolution
		SolutionGuid = {6259FC43-973F-4851-B1D4-941955B7DD20}
	EndGlobalSection
EndGlobal
